
Microsoft Visual Studio Solution File, Format Version 12.00
# Visual Studio Version 17
VisualStudioVersion = 17.0.31912.275
MinimumVisualStudioVersion = 10.0.40219.1
Project("{FAE04EC0-301F-11D3-BF4B-00C04F79EFBC}") = "MyAutoFix", "MyAutoFix\MyAutoFix.csproj", "{40C6A77B-7813-42FA-8B2C-236A5680B6EA}"
EndProject
Global
	GlobalSection(SolutionConfigurationPlatforms) = preSolution
		Debug|Any CPU = Debug|Any CPU
		Release|Any CPU = Release|Any CPU
	EndGlobalSection
	GlobalSection(ProjectConfigurationPlatforms) = postSolution
		{40C6A77B-7813-42FA-8B2C-236A5680B6EA}.Debug|Any CPU.ActiveCfg = Debug|Any CPU
		{40C6A77B-7813-42FA-8B2C-236A5680B6EA}.Debug|Any CPU.Build.0 = Debug|Any CPU
		{40C6A77B-7813-42FA-8B2C-236A5680B6EA}.Release|Any CPU.ActiveCfg = Release|Any CPU
		{40C6A77B-7813-42FA-8B2C-236A5680B6EA}.Release|Any CPU.Build.0 = Release|Any CPU
	EndGlobalSection
	GlobalSection(SolutionProperties) = preSolution
		HideSolutionNode = FALSE
	EndGlobalSection
	GlobalSection(ExtensibilityGlobals) = postSolution
		SolutionGuid = {54657A95-0EC7-4779-9DF8-25BCC85B7A80}
	EndGlobalSection
EndGlobal
